PODS:
  - Flutter (1.0.0)
  - open_filex (0.0.2):
    - Flutter
  - permission_handler_apple (9.3.0):
    - Flutter
  - printing (1.0.0):
    - Flutter
  - razorpay-core-pod (1.0.6)
  - razorpay-pod (1.5.3):
    - razorpay-core-pod (= 1.0.6)
  - razorpay_flutter (1.1.10):
    - Flutter
    - razorpay-pod

DEPENDENCIES:
  - Flutter (from `Flutter`)
  - open_filex (from `.symlinks/plugins/open_filex/ios`)
  - permission_handler_apple (from `.symlinks/plugins/permission_handler_apple/ios`)
  - printing (from `.symlinks/plugins/printing/ios`)
  - razorpay_flutter (from `.symlinks/plugins/razorpay_flutter/ios`)

SPEC REPOS:
  trunk:
    - razorpay-core-pod
    - razorpay-pod

EXTERNAL SOURCES:
  Flutter:
    :path: Flutter
  open_filex:
    :path: ".symlinks/plugins/open_filex/ios"
  permission_handler_apple:
    :path: ".symlinks/plugins/permission_handler_apple/ios"
  printing:
    :path: ".symlinks/plugins/printing/ios"
  razorpay_flutter:
    :path: ".symlinks/plugins/razorpay_flutter/ios"

SPEC CHECKSUMS:
  Flutter: cabc95a1d2626b1b06e7179b784ebcf0c0cde467
  open_filex: 6e26e659846ec990262224a12ef1c528bb4edbe4
  permission_handler_apple: 9878588469a2b0d0fc1e048d9f43605f92e6cec2
  printing: 233e1b73bd1f4a05615548e9b5a324c98588640b
  razorpay-core-pod: 6da5fb4ed280279d665507fdb50e213d793a5fe2
  razorpay-pod: 4385cf844aa29389313b741e20c72fe668970d49
  razorpay_flutter: 84b3bfd206ae9c9c2a9ba585524a1b3d8102b6c1

PODFILE CHECKSUM: ce2a4dd764e1c7aeed6a7cdc5e61d092b6dc6d32

COCOAPODS: 1.16.2
